
Microsoft Visual Studio Solution File, Format Version 12.00
# Visual Studio 15
VisualStudioVersion = 15.0.27004.2009
MinimumVisualStudioVersion = 10.0.40219.1
Project("{FAE04EC0-301F-11D3-BF4B-00C04F79EFBC}") = "ChooseLanguageBot", "ChooseLanguageBot\ChooseLanguageBot.csproj", "{5508D0CB-DECE-46C5-B434-8D56673B8FF7}"
EndProject
Global
	GlobalSection(SolutionConfigurationPlatforms) = preSolution
		Debug|Any CPU = Debug|Any CPU
		Release|Any CPU = Release|Any CPU
	EndGlobalSection
	GlobalSection(ProjectConfigurationPlatforms) = postSolution
		{5508D0CB-DECE-46C5-B434-8D56673B8FF7}.Debug|Any CPU.ActiveCfg = Debug|Any CPU
		{5508D0CB-DECE-46C5-B434-8D56673B8FF7}.Debug|Any CPU.Build.0 = Debug|Any CPU
		{5508D0CB-DECE-46C5-B434-8D56673B8FF7}.Release|Any CPU.ActiveCfg = Release|Any CPU
		{5508D0CB-DECE-46C5-B434-8D56673B8FF7}.Release|Any CPU.Build.0 = Release|Any CPU
	EndGlobalSection
	GlobalSection(SolutionProperties) = preSolution
		HideSolutionNode = FALSE
	EndGlobalSection
	GlobalSection(ExtensibilityGlobals) = postSolution
		SolutionGuid = {4F67EB71-5D83-49EA-A1CA-B8A19308D760}
	EndGlobalSection
EndGlobal
